
Microsoft Visual Studio Solution File, Format Version 12.00
# Visual Studio Version 17
VisualStudioVersion = 17.3.32929.385
MinimumVisualStudioVersion = 10.0.40219.1
Project("{9A19103F-16F7-4668-BE54-9A1E7A4F7556}") = "TimeRegistration.UI", "src\TimeRegistration.UI\TimeRegistration.UI.csproj", "{F419A9F6-1A33-4DBB-9713-B8A8DC7138ED}"
EndProject
Project("{9A19103F-16F7-4668-BE54-9A1E7A4F7556}") = "TimeRegistration.BusinessLogic", "src\TimeRegistration.BusinessLogic\TimeRegistration.BusinessLogic.csproj", "{9FE0D7A1-571C-4646-99F4-BCB08836EA86}"
EndProject
Project("{9A19103F-16F7-4668-BE54-9A1E7A4F7556}") = "TimeRegistration.Tests", "src\TimeRegistration.Tests\TimeRegistration.Tests.csproj", "{81A3BB62-A4A4-4D68-8123-8C3C1E193ABE}"
EndProject
Project("{FAE04EC0-301F-11D3-BF4B-00C04F79EFBC}") = "Project1", "Project1\Project1.csproj", "{67E625A1-1DF4-49D5-8945-E32B31EBCDA1}"
EndProject
Global
	GlobalSection(SolutionConfigurationPlatforms) = preSolution
		Debug|Any CPU = Debug|Any CPU
		Release|Any CPU = Release|Any CPU
	EndGlobalSection
	GlobalSection(ProjectConfigurationPlatforms) = postSolution
		{F419A9F6-1A33-4DBB-9713-B8A8DC7138ED}.Debug|Any CPU.ActiveCfg = Debug|Any CPU
		{F419A9F6-1A33-4DBB-9713-B8A8DC7138ED}.Debug|Any CPU.Build.0 = Debug|Any CPU
		{F419A9F6-1A33-4DBB-9713-B8A8DC7138ED}.Release|Any CPU.ActiveCfg = Release|Any CPU
		{F419A9F6-1A33-4DBB-9713-B8A8DC7138ED}.Release|Any CPU.Build.0 = Release|Any CPU
		{9FE0D7A1-571C-4646-99F4-BCB08836EA86}.Debug|Any CPU.ActiveCfg = Debug|Any CPU
		{9FE0D7A1-571C-4646-99F4-BCB08836EA86}.Debug|Any CPU.Build.0 = Debug|Any CPU
		{9FE0D7A1-571C-4646-99F4-BCB08836EA86}.Release|Any CPU.ActiveCfg = Release|Any CPU
		{9FE0D7A1-571C-4646-99F4-BCB08836EA86}.Release|Any CPU.Build.0 = Release|Any CPU
		{81A3BB62-A4A4-4D68-8123-8C3C1E193ABE}.Debug|Any CPU.ActiveCfg = Debug|Any CPU
		{81A3BB62-A4A4-4D68-8123-8C3C1E193ABE}.Debug|Any CPU.Build.0 = Debug|Any CPU
		{81A3BB62-A4A4-4D68-8123-8C3C1E193ABE}.Release|Any CPU.ActiveCfg = Release|Any CPU
		{81A3BB62-A4A4-4D68-8123-8C3C1E193ABE}.Release|Any CPU.Build.0 = Release|Any CPU
		{67E625A1-1DF4-49D5-8945-E32B31EBCDA1}.Debug|Any CPU.ActiveCfg = Debug|Any CPU
		{67E625A1-1DF4-49D5-8945-E32B31EBCDA1}.Debug|Any CPU.Build.0 = Debug|Any CPU
		{67E625A1-1DF4-49D5-8945-E32B31EBCDA1}.Release|Any CPU.ActiveCfg = Release|Any CPU
		{67E625A1-1DF4-49D5-8945-E32B31EBCDA1}.Release|Any CPU.Build.0 = Release|Any CPU
	EndGlobalSection
	GlobalSection(SolutionProperties) = preSolution
		HideSolutionNode = FALSE
	EndGlobalSection
	GlobalSection(ExtensibilityGlobals) = postSolution
		SolutionGuid = {FD37E595-80E6-48F2-9765-71EBABED5403}
	EndGlobalSection
EndGlobal
