
Microsoft Visual Studio Solution File, Format Version 12.00
# Visual Studio Version 17
VisualStudioVersion = 17.3.32929.385
MinimumVisualStudioVersion = 10.0.40219.1
Project("{9A19103F-16F7-4668-BE54-9A1E7A4F7556}") = "DotNetDebugging", "DotNetDebugging.csproj", "{31459AFF-D161-4BF3-9D97-B61B40309B84}"
EndProject
Project("{FAE04EC0-301F-11D3-BF4B-00C04F79EFBC}") = "ConsoleApp2", "..\ConsoleApp2\ConsoleApp2.csproj", "{44DFD4F7-48BC-464D-8041-4E8505BEAEE4}"
EndProject
Global
	GlobalSection(SolutionConfigurationPlatforms) = preSolution
		Debug|Any CPU = Debug|Any CPU
		Release|Any CPU = Release|Any CPU
	EndGlobalSection
	GlobalSection(ProjectConfigurationPlatforms) = postSolution
		{31459AFF-D161-4BF3-9D97-B61B40309B84}.Debug|Any CPU.ActiveCfg = Debug|Any CPU
		{31459AFF-D161-4BF3-9D97-B61B40309B84}.Debug|Any CPU.Build.0 = Debug|Any CPU
		{31459AFF-D161-4BF3-9D97-B61B40309B84}.Release|Any CPU.ActiveCfg = Release|Any CPU
		{31459AFF-D161-4BF3-9D97-B61B40309B84}.Release|Any CPU.Build.0 = Release|Any CPU
		{44DFD4F7-48BC-464D-8041-4E8505BEAEE4}.Debug|Any CPU.ActiveCfg = Debug|Any CPU
		{44DFD4F7-48BC-464D-8041-4E8505BEAEE4}.Debug|Any CPU.Build.0 = Debug|Any CPU
		{44DFD4F7-48BC-464D-8041-4E8505BEAEE4}.Release|Any CPU.ActiveCfg = Release|Any CPU
		{44DFD4F7-48BC-464D-8041-4E8505BEAEE4}.Release|Any CPU.Build.0 = Release|Any CPU
	EndGlobalSection
	GlobalSection(SolutionProperties) = preSolution
		HideSolutionNode = FALSE
	EndGlobalSection
	GlobalSection(ExtensibilityGlobals) = postSolution
		SolutionGuid = {0AC57A55-B4E0-400E-A92F-57BFFE8B1233}
	EndGlobalSection
EndGlobal
