
Microsoft Visual Studio Solution File, Format Version 12.00
# Visual Studio Version 17
VisualStudioVersion = 17.4.33205.214
MinimumVisualStudioVersion = 10.0.40219.1
Project("{9A19103F-16F7-4668-BE54-9A1E7A4F7556}") = "BankAccount", "..\BankAccount\BankAccount\BankAccountV1\BankAccount.csproj", "{520176C9-800E-4F3A-98F4-9465E81716E0}"
EndProject
Project("{9A19103F-16F7-4668-BE54-9A1E7A4F7556}") = "BankAccountV2", "..\BankAccount\BankAccount\BankAccountV2\BankAccountV2\BankAccountV2.csproj", "{C69B4D6E-0A24-46DE-90DB-CA401B7A0628}"
EndProject
Project("{9A19103F-16F7-4668-BE54-9A1E7A4F7556}") = "ConstosoPizza", "..\Build dotNET applications with C#\ConstosoPizza\ConstosoPizza.csproj", "{44B0007E-5370-42AE-951F-424AF815E616}"
EndProject
Project("{9A19103F-16F7-4668-BE54-9A1E7A4F7556}") = "DotNetDebugging", "..\Build dotNET applications with C#\DotNetDebugging\DotNetDebugging.csproj", "{8ED272F8-247D-4501-B5FD-CA509E33D8F7}"
EndProject
Project("{9A19103F-16F7-4668-BE54-9A1E7A4F7556}") = "DotNetDependencies", "..\Build dotNET applications with C#\DotNetDependencies\DotNetDependencies.csproj", "{12142183-1033-4D75-8C75-C7B4D87B6C28}"
EndProject
Project("{9A19103F-16F7-4668-BE54-9A1E7A4F7556}") = "ConsoleApp2", "..\Build dotNET applications with C#\ConsoleApp2\ConsoleApp2.csproj", "{6E013369-704F-4B6A-9135-1EDFD3135328}"
EndProject
Project("{2150E333-8FDC-42A3-9474-1A3956D46DE8}") = "_BankAccount", "_BankAccount", "{EB013EF2-CBFB-488D-AD82-35151A9EE2AD}"
EndProject
Project("{2150E333-8FDC-42A3-9474-1A3956D46DE8}") = "_Build-dotNET-Apps", "_Build-dotNET-Apps", "{F44C8B5B-E698-4541-90F8-1727C3A93707}"
EndProject
Project("{2150E333-8FDC-42A3-9474-1A3956D46DE8}") = "_DependencyInjection", "_DependencyInjection", "{6691E11C-B2E1-4D17-A8EC-E2FE35ABA403}"
EndProject
Project("{9A19103F-16F7-4668-BE54-9A1E7A4F7556}") = "DI", "..\DependencyInjection\src\DI\DI.csproj", "{B38A0DED-91DB-4027-8C12-A8467512EFEB}"
EndProject
Project("{9A19103F-16F7-4668-BE54-9A1E7A4F7556}") = "ConsoleDI.Example", "..\DependencyInjection\src\WorkerService1\ConsoleDI.Example.csproj", "{C5B5CFBA-B15F-405D-9A65-4248564A307F}"
EndProject
Project("{2150E333-8FDC-42A3-9474-1A3956D46DE8}") = "_HostBuilder", "_HostBuilder", "{413B40A6-AF8D-403B-954A-6A30644A5652}"
EndProject
Project("{2150E333-8FDC-42A3-9474-1A3956D46DE8}") = "_PizzaRecipes", "_PizzaRecipes", "{2679BCD6-6A4B-4C14-8D2D-D36D7852912B}"
EndProject
Project("{2150E333-8FDC-42A3-9474-1A3956D46DE8}") = "_QueueService", "_QueueService", "{B9DA3FB1-E2A5-4CF4-B318-1ABB1AF4FAE2}"
EndProject
Project("{2150E333-8FDC-42A3-9474-1A3956D46DE8}") = "_TodoAPI", "_TodoAPI", "{F9C6E323-0A18-4A7B-8060-C263D6A02D80}"
EndProject
Project("{9A19103F-16F7-4668-BE54-9A1E7A4F7556}") = "AppLifetime.example", "..\HostBuilder\src\AppLifetime.example.csproj", "{F9484EB9-778F-4375-B757-9618EBE97319}"
EndProject
Project("{9A19103F-16F7-4668-BE54-9A1E7A4F7556}") = "PizzaRecipes", "..\PizzaRecipes\PizzaRecipes\PizzaRecipes.csproj", "{1D2F6AA5-DAB3-4DDA-B27F-FEB927EDF954}"
EndProject
Project("{9A19103F-16F7-4668-BE54-9A1E7A4F7556}") = "QueueService", "..\QueueService\QueueService.csproj", "{0BFF2546-FA18-462F-AF2E-60EC12949880}"
EndProject
Project("{9A19103F-16F7-4668-BE54-9A1E7A4F7556}") = "TodoApi", "..\TodoApi\TodoApi\TodoApi.csproj", "{A62C3AE5-0450-42FF-96F6-FCA83F41DF59}"
EndProject
Global
	GlobalSection(SolutionConfigurationPlatforms) = preSolution
		Debug|Any CPU = Debug|Any CPU
		Release|Any CPU = Release|Any CPU
	EndGlobalSection
	GlobalSection(ProjectConfigurationPlatforms) = postSolution
		{520176C9-800E-4F3A-98F4-9465E81716E0}.Debug|Any CPU.ActiveCfg = Debug|Any CPU
		{520176C9-800E-4F3A-98F4-9465E81716E0}.Debug|Any CPU.Build.0 = Debug|Any CPU
		{520176C9-800E-4F3A-98F4-9465E81716E0}.Release|Any CPU.ActiveCfg = Release|Any CPU
		{520176C9-800E-4F3A-98F4-9465E81716E0}.Release|Any CPU.Build.0 = Release|Any CPU
		{C69B4D6E-0A24-46DE-90DB-CA401B7A0628}.Debug|Any CPU.ActiveCfg = Debug|Any CPU
		{C69B4D6E-0A24-46DE-90DB-CA401B7A0628}.Debug|Any CPU.Build.0 = Debug|Any CPU
		{C69B4D6E-0A24-46DE-90DB-CA401B7A0628}.Release|Any CPU.ActiveCfg = Release|Any CPU
		{C69B4D6E-0A24-46DE-90DB-CA401B7A0628}.Release|Any CPU.Build.0 = Release|Any CPU
		{44B0007E-5370-42AE-951F-424AF815E616}.Debug|Any CPU.ActiveCfg = Debug|Any CPU
		{44B0007E-5370-42AE-951F-424AF815E616}.Debug|Any CPU.Build.0 = Debug|Any CPU
		{44B0007E-5370-42AE-951F-424AF815E616}.Release|Any CPU.ActiveCfg = Release|Any CPU
		{44B0007E-5370-42AE-951F-424AF815E616}.Release|Any CPU.Build.0 = Release|Any CPU
		{8ED272F8-247D-4501-B5FD-CA509E33D8F7}.Debug|Any CPU.ActiveCfg = Debug|Any CPU
		{8ED272F8-247D-4501-B5FD-CA509E33D8F7}.Debug|Any CPU.Build.0 = Debug|Any CPU
		{8ED272F8-247D-4501-B5FD-CA509E33D8F7}.Release|Any CPU.ActiveCfg = Release|Any CPU
		{8ED272F8-247D-4501-B5FD-CA509E33D8F7}.Release|Any CPU.Build.0 = Release|Any CPU
		{12142183-1033-4D75-8C75-C7B4D87B6C28}.Debug|Any CPU.ActiveCfg = Debug|Any CPU
		{12142183-1033-4D75-8C75-C7B4D87B6C28}.Debug|Any CPU.Build.0 = Debug|Any CPU
		{12142183-1033-4D75-8C75-C7B4D87B6C28}.Release|Any CPU.ActiveCfg = Release|Any CPU
		{12142183-1033-4D75-8C75-C7B4D87B6C28}.Release|Any CPU.Build.0 = Release|Any CPU
		{6E013369-704F-4B6A-9135-1EDFD3135328}.Debug|Any CPU.ActiveCfg = Debug|Any CPU
		{6E013369-704F-4B6A-9135-1EDFD3135328}.Debug|Any CPU.Build.0 = Debug|Any CPU
		{6E013369-704F-4B6A-9135-1EDFD3135328}.Release|Any CPU.ActiveCfg = Release|Any CPU
		{6E013369-704F-4B6A-9135-1EDFD3135328}.Release|Any CPU.Build.0 = Release|Any CPU
		{B38A0DED-91DB-4027-8C12-A8467512EFEB}.Debug|Any CPU.ActiveCfg = Debug|Any CPU
		{B38A0DED-91DB-4027-8C12-A8467512EFEB}.Debug|Any CPU.Build.0 = Debug|Any CPU
		{B38A0DED-91DB-4027-8C12-A8467512EFEB}.Release|Any CPU.ActiveCfg = Release|Any CPU
		{B38A0DED-91DB-4027-8C12-A8467512EFEB}.Release|Any CPU.Build.0 = Release|Any CPU
		{C5B5CFBA-B15F-405D-9A65-4248564A307F}.Debug|Any CPU.ActiveCfg = Debug|Any CPU
		{C5B5CFBA-B15F-405D-9A65-4248564A307F}.Debug|Any CPU.Build.0 = Debug|Any CPU
		{C5B5CFBA-B15F-405D-9A65-4248564A307F}.Release|Any CPU.ActiveCfg = Release|Any CPU
		{C5B5CFBA-B15F-405D-9A65-4248564A307F}.Release|Any CPU.Build.0 = Release|Any CPU
		{F9484EB9-778F-4375-B757-9618EBE97319}.Debug|Any CPU.ActiveCfg = Debug|Any CPU
		{F9484EB9-778F-4375-B757-9618EBE97319}.Debug|Any CPU.Build.0 = Debug|Any CPU
		{F9484EB9-778F-4375-B757-9618EBE97319}.Release|Any CPU.ActiveCfg = Release|Any CPU
		{F9484EB9-778F-4375-B757-9618EBE97319}.Release|Any CPU.Build.0 = Release|Any CPU
		{1D2F6AA5-DAB3-4DDA-B27F-FEB927EDF954}.Debug|Any CPU.ActiveCfg = Debug|Any CPU
		{1D2F6AA5-DAB3-4DDA-B27F-FEB927EDF954}.Debug|Any CPU.Build.0 = Debug|Any CPU
		{1D2F6AA5-DAB3-4DDA-B27F-FEB927EDF954}.Release|Any CPU.ActiveCfg = Release|Any CPU
		{1D2F6AA5-DAB3-4DDA-B27F-FEB927EDF954}.Release|Any CPU.Build.0 = Release|Any CPU
		{0BFF2546-FA18-462F-AF2E-60EC12949880}.Debug|Any CPU.ActiveCfg = Debug|Any CPU
		{0BFF2546-FA18-462F-AF2E-60EC12949880}.Debug|Any CPU.Build.0 = Debug|Any CPU
		{0BFF2546-FA18-462F-AF2E-60EC12949880}.Release|Any CPU.ActiveCfg = Release|Any CPU
		{0BFF2546-FA18-462F-AF2E-60EC12949880}.Release|Any CPU.Build.0 = Release|Any CPU
		{A62C3AE5-0450-42FF-96F6-FCA83F41DF59}.Debug|Any CPU.ActiveCfg = Debug|Any CPU
		{A62C3AE5-0450-42FF-96F6-FCA83F41DF59}.Debug|Any CPU.Build.0 = Debug|Any CPU
		{A62C3AE5-0450-42FF-96F6-FCA83F41DF59}.Release|Any CPU.ActiveCfg = Release|Any CPU
		{A62C3AE5-0450-42FF-96F6-FCA83F41DF59}.Release|Any CPU.Build.0 = Release|Any CPU
	EndGlobalSection
	GlobalSection(SolutionProperties) = preSolution
		HideSolutionNode = FALSE
	EndGlobalSection
	GlobalSection(NestedProjects) = preSolution
		{520176C9-800E-4F3A-98F4-9465E81716E0} = {EB013EF2-CBFB-488D-AD82-35151A9EE2AD}
		{C69B4D6E-0A24-46DE-90DB-CA401B7A0628} = {EB013EF2-CBFB-488D-AD82-35151A9EE2AD}
		{44B0007E-5370-42AE-951F-424AF815E616} = {F44C8B5B-E698-4541-90F8-1727C3A93707}
		{8ED272F8-247D-4501-B5FD-CA509E33D8F7} = {F44C8B5B-E698-4541-90F8-1727C3A93707}
		{12142183-1033-4D75-8C75-C7B4D87B6C28} = {F44C8B5B-E698-4541-90F8-1727C3A93707}
		{6E013369-704F-4B6A-9135-1EDFD3135328} = {F44C8B5B-E698-4541-90F8-1727C3A93707}
		{B38A0DED-91DB-4027-8C12-A8467512EFEB} = {6691E11C-B2E1-4D17-A8EC-E2FE35ABA403}
		{C5B5CFBA-B15F-405D-9A65-4248564A307F} = {6691E11C-B2E1-4D17-A8EC-E2FE35ABA403}
		{F9484EB9-778F-4375-B757-9618EBE97319} = {413B40A6-AF8D-403B-954A-6A30644A5652}
		{1D2F6AA5-DAB3-4DDA-B27F-FEB927EDF954} = {2679BCD6-6A4B-4C14-8D2D-D36D7852912B}
		{0BFF2546-FA18-462F-AF2E-60EC12949880} = {B9DA3FB1-E2A5-4CF4-B318-1ABB1AF4FAE2}
		{A62C3AE5-0450-42FF-96F6-FCA83F41DF59} = {F9C6E323-0A18-4A7B-8060-C263D6A02D80}
	EndGlobalSection
	GlobalSection(ExtensibilityGlobals) = postSolution
		SolutionGuid = {A217E83B-0BEF-47FD-A0D2-D6170B11D3B4}
	EndGlobalSection
EndGlobal
